PODS:
  - CocoaAsyncSocket (7.6.5)
  - JSONModel (1.8.0)
  - WTWifiSDK (1.0.2):
    - CocoaAsyncSocket
    - JSONModel

DEPENDENCIES:
  - WTWifiSDK

SPEC REPOS:
  trunk:
    - CocoaAsyncSocket
    - JSONModel
    - WTWifiSDK

SPEC CHECKSUMS:
  CocoaAsyncSocket: 065fd1e645c7abab64f7a6a2007a48038fdc6a99
  JSONModel: 02ab723958366a3fd27da57ea2af2113658762e9
  WTWifiSDK: dcd5aa75b9b446a44c14db52a5178bd34e71e68d

PODFILE CHECKSUM: 076acde04c44d6108cf53830f92e209c8ec9b346

COCOAPODS: 1.11.3
