PODS:
  - JSONModel (1.8.0)
  - WTWifiSDK (2.2.5):
    - JSONModel

DEPENDENCIES:
  - WTWifiSDK (from `../`)

SPEC REPOS:
  https://github.com/CocoaPods/Specs.git:
    - JSONModel

EXTERNAL SOURCES:
  WTWifiSDK:
    :path: "../"

SPEC CHECKSUMS:
  JSONModel: 02ab723958366a3fd27da57ea2af2113658762e9
  WTWifiSDK: f95d7d07c5d34ed6ead637ed9c220330e3512364

PODFILE CHECKSUM: 92b9d4c2b992091338bc86fdc929ef86a15daaff

COCOAPODS: 1.15.2
