PODS:
  - JSONModel (1.8.0)
  - Protobuf (3.27.3)
  - WTWifiSDK (3.0.4):
    - JSONModel (~> 1.8.0)
    - Protobuf (~> 3.27.2)

DEPENDENCIES:
  - Protobuf
  - WTWifiSDK (from `../`)

SPEC REPOS:
  https://github.com/CocoaPods/Specs.git:
    - JSONModel
    - Protobuf

EXTERNAL SOURCES:
  WTWifiSDK:
    :path: "../"

SPEC CHECKSUMS:
  JSONModel: 02ab723958366a3fd27da57ea2af2113658762e9
  Protobuf: c1cbc880ea7c4e9b157e113515c720a22ee7cf50
  WTWifiSDK: 5f31dcb5dcb5a26cf40746c72cd4d2e985a7957c

PODFILE CHECKSUM: fbd55b9c4cdb238556e28ec11e5babbabde43e46

COCOAPODS: 1.15.2
